
Microsoft Visual Studio Solution File, Format Version 12.00
# Visual Studio 15
VisualStudioVersion = 15.0.27130.2024
MinimumVisualStudioVersion = 10.0.40219.1
Project("{2150E333-8FDC-42A3-9474-1A3956D46DE8}") = "src", "src", "{55E150AB-EF07-4209-861C-F31F77929013}"
EndProject
Project("{2150E333-8FDC-42A3-9474-1A3956D46DE8}") = "test", "test", "{F11B6170-6406-4B00-8E79-8872449FF940}"
EndProject
Project("{FAE04EC0-301F-11D3-BF4B-00C04F79EFBC}") = "SMTP.Service", "SMTP.Service\SMTP.Service.csproj", "{8F415AE7-B960-4844-8753-8954F6050A49}"
EndProject
Global
	GlobalSection(SolutionConfigurationPlatforms) = preSolution
		Debug|Any CPU = Debug|Any CPU
		Release|Any CPU = Release|Any CPU
	EndGlobalSection
	GlobalSection(ProjectConfigurationPlatforms) = postSolution
		{8F415AE7-B960-4844-8753-8954F6050A49}.Debug|Any CPU.ActiveCfg = Debug|Any CPU
		{8F415AE7-B960-4844-8753-8954F6050A49}.Debug|Any CPU.Build.0 = Debug|Any CPU
		{8F415AE7-B960-4844-8753-8954F6050A49}.Release|Any CPU.ActiveCfg = Release|Any CPU
		{8F415AE7-B960-4844-8753-8954F6050A49}.Release|Any CPU.Build.0 = Release|Any CPU
	EndGlobalSection
	GlobalSection(SolutionProperties) = preSolution
		HideSolutionNode = FALSE
	EndGlobalSection
	GlobalSection(NestedProjects) = preSolution
		{8F415AE7-B960-4844-8753-8954F6050A49} = {55E150AB-EF07-4209-861C-F31F77929013}
	EndGlobalSection
	GlobalSection(ExtensibilityGlobals) = postSolution
		SolutionGuid = {952AB2F7-E691-49F4-AE04-07E62B973677}
	EndGlobalSection
EndGlobal
