
Microsoft Visual Studio Solution File, Format Version 12.00
# Visual Studio 15
VisualStudioVersion = 15.0.27130.2027
MinimumVisualStudioVersion = 10.0.40219.1
Project("{2150E333-8FDC-42A3-9474-1A3956D46DE8}") = "src", "src", "{55E150AB-EF07-4209-861C-F31F77929013}"
EndProject
Project("{2150E333-8FDC-42A3-9474-1A3956D46DE8}") = "test", "test", "{F11B6170-6406-4B00-8E79-8872449FF940}"
EndProject
Project("{9A19103F-16F7-4668-BE54-9A1E7A4F7556}") = "SMTP.Service", "src\SMTP.Service\SMTP.Service.csproj", "{C144CCC2-0166-4BB5-A929-9ED5BC2D9CE9}"
EndProject
Project("{9A19103F-16F7-4668-BE54-9A1E7A4F7556}") = "SMTP.Service.Test", "test\SMTP.Service.Test\SMTP.Service.Test.csproj", "{1D1DA16B-EE7B-4D06-83EF-764D1188341B}"
EndProject
Project("{9A19103F-16F7-4668-BE54-9A1E7A4F7556}") = "SMTP.Service.Integration.Test", "test\SMTP.Service.Integration.Test\SMTP.Service.Integration.Test.csproj", "{8FFFC3A6-0052-4F6C-8C79-E959B9309A94}"
EndProject
Project("{E53339B2-1760-4266-BCC7-CA923CBCF16C}") = "docker-compose", "docker-compose.dcproj", "{A1AE6AC3-9459-48DB-BB5D-3A8BBC8A43EA}"
EndProject
Project("{2150E333-8FDC-42A3-9474-1A3956D46DE8}") = "Solution Items", "Solution Items", "{E5AAA903-D12B-40FF-BE2E-AC6F0E415EED}"
	ProjectSection(SolutionItems) = preProject
		Kompose\docker-compose.yml = Kompose\docker-compose.yml
	EndProjectSection
EndProject
Global
	GlobalSection(SolutionConfigurationPlatforms) = preSolution
		Debug|Any CPU = Debug|Any CPU
		Release|Any CPU = Release|Any CPU
	EndGlobalSection
	GlobalSection(ProjectConfigurationPlatforms) = postSolution
		{C144CCC2-0166-4BB5-A929-9ED5BC2D9CE9}.Debug|Any CPU.ActiveCfg = Debug|Any CPU
		{C144CCC2-0166-4BB5-A929-9ED5BC2D9CE9}.Debug|Any CPU.Build.0 = Debug|Any CPU
		{C144CCC2-0166-4BB5-A929-9ED5BC2D9CE9}.Release|Any CPU.ActiveCfg = Release|Any CPU
		{C144CCC2-0166-4BB5-A929-9ED5BC2D9CE9}.Release|Any CPU.Build.0 = Release|Any CPU
		{1D1DA16B-EE7B-4D06-83EF-764D1188341B}.Debug|Any CPU.ActiveCfg = Debug|Any CPU
		{1D1DA16B-EE7B-4D06-83EF-764D1188341B}.Debug|Any CPU.Build.0 = Debug|Any CPU
		{1D1DA16B-EE7B-4D06-83EF-764D1188341B}.Release|Any CPU.ActiveCfg = Release|Any CPU
		{1D1DA16B-EE7B-4D06-83EF-764D1188341B}.Release|Any CPU.Build.0 = Release|Any CPU
		{8FFFC3A6-0052-4F6C-8C79-E959B9309A94}.Debug|Any CPU.ActiveCfg = Debug|Any CPU
		{8FFFC3A6-0052-4F6C-8C79-E959B9309A94}.Debug|Any CPU.Build.0 = Debug|Any CPU
		{8FFFC3A6-0052-4F6C-8C79-E959B9309A94}.Release|Any CPU.ActiveCfg = Release|Any CPU
		{8FFFC3A6-0052-4F6C-8C79-E959B9309A94}.Release|Any CPU.Build.0 = Release|Any CPU
		{A1AE6AC3-9459-48DB-BB5D-3A8BBC8A43EA}.Debug|Any CPU.ActiveCfg = Debug|Any CPU
		{A1AE6AC3-9459-48DB-BB5D-3A8BBC8A43EA}.Debug|Any CPU.Build.0 = Debug|Any CPU
		{A1AE6AC3-9459-48DB-BB5D-3A8BBC8A43EA}.Release|Any CPU.ActiveCfg = Release|Any CPU
		{A1AE6AC3-9459-48DB-BB5D-3A8BBC8A43EA}.Release|Any CPU.Build.0 = Release|Any CPU
	EndGlobalSection
	GlobalSection(SolutionProperties) = preSolution
		HideSolutionNode = FALSE
	EndGlobalSection
	GlobalSection(NestedProjects) = preSolution
		{C144CCC2-0166-4BB5-A929-9ED5BC2D9CE9} = {55E150AB-EF07-4209-861C-F31F77929013}
		{1D1DA16B-EE7B-4D06-83EF-764D1188341B} = {F11B6170-6406-4B00-8E79-8872449FF940}
		{8FFFC3A6-0052-4F6C-8C79-E959B9309A94} = {F11B6170-6406-4B00-8E79-8872449FF940}
	EndGlobalSection
	GlobalSection(ExtensibilityGlobals) = postSolution
		SolutionGuid = {952AB2F7-E691-49F4-AE04-07E62B973677}
	EndGlobalSection
EndGlobal
